// !$*UTF8*$!
{
	archiveVersion = 1;
	classes = {
	};
	objectVersion = 50;
	objects = {

/* Begin PBXBuildFile section */
		008A127A26E9F3270090AE1E /* AppDelegate.swift in Sources */ = {isa = PBXBuildFile; fileRef = 008A127926E9F3270090AE1E /* AppDelegate.swift */; };
		008A127C26E9F3270090AE1E /* SceneDelegate.swift in Sources */ = {isa = PBXBuildFile; fileRef = 008A127B26E9F3270090AE1E /* SceneDelegate.swift */; };
		008A127E26E9F3270090AE1E /* MainViewController.swift in Sources */ = {isa = PBXBuildFile; fileRef = 008A127D26E9F3270090AE1E /* MainViewController.swift */; };
		008A128126E9F3270090AE1E /* Main.storyboard in Resources */ = {isa = PBXBuildFile; fileRef = 008A127F26E9F3270090AE1E /* Main.storyboard */; };
		008A128326E9F32C0090AE1E /* Assets.xcassets in Resources */ = {isa = PBXBuildFile; fileRef = 008A128226E9F32C0090AE1E /* Assets.xcassets */; };
		008A128626E9F32C0090AE1E /* LaunchScreen.storyboard in Resources */ = {isa = PBXBuildFile; fileRef = 008A128426E9F32C0090AE1E /* LaunchScreen.storyboard */; };
		008A129326E9F4990090AE1E /* RangeValuesMinMax.swift in Sources */ = {isa = PBXBuildFile; fileRef = 008A129226E9F4990090AE1E /* RangeValuesMinMax.swift */; };
/* End PBXBuildFile section */

/* Begin PBXFileReference section */
		008A127626E9F3270090AE1E /* RandomValueFromRange.app */ = {isa = PBXFileReference; explicitFileType = wrapper.application; includeInIndex = 0; path = RandomValueFromRange.app; sourceTree = BUILT_PRODUCTS_DIR; };
		008A127926E9F3270090AE1E /* AppDelegate.swift */ = {isa = PBXFileReference; lastKnownFileType = sourcecode.swift; path = AppDelegate.swift; sourceTree = "<group>"; };
		008A127B26E9F3270090AE1E /* SceneDelegate.swift */ = {isa = PBXFileReference; lastKnownFileType = sourcecode.swift; path = SceneDelegate.swift; sourceTree = "<group>"; };
		008A127D26E9F3270090AE1E /* MainViewController.swift */ = {isa = PBXFileReference; lastKnownFileType = sourcecode.swift; path = MainViewController.swift; sourceTree = "<group>"; };
		008A128026E9F3270090AE1E /* Base */ = {isa = PBXFileReference; lastKnownFileType = file.storyboard; name = Base; path = Base.lproj/Main.storyboard; sourceTree = "<group>"; };
		008A128226E9F32C0090AE1E /* Assets.xcassets */ = {isa = PBXFileReference; lastKnownFileType = folder.assetcatalog; path = Assets.xcassets; sourceTree = "<group>"; };
		008A128526E9F32C0090AE1E /* Base */ = {isa = PBXFileReference; lastKnownFileType = file.storyboard; name = Base; path = Base.lproj/LaunchScreen.storyboard; sourceTree = "<group>"; };
		008A128726E9F32C0090AE1E /* Info.plist */ = {isa = PBXFileReference; lastKnownFileType = text.plist.xml; path = Info.plist; sourceTree = "<group>"; };
		008A129226E9F4990090AE1E /* RangeValuesMinMax.swift */ = {isa = PBXFileReference; lastKnownFileType = sourcecode.swift; path = RangeValuesMinMax.swift; sourceTree = "<group>"; };
/* End PBXFileReference section */

/* Begin PBXFrameworksBuildPhase section */
		008A127326E9F3270090AE1E /* Frameworks */ = {
			isa = PBXFrameworksBuildPhase;
			buildActionMask = 2147483647;
			files = (
			);
			runOnlyForDeploymentPostprocessing = 0;
		};
/* End PBXFrameworksBuildPhase section */

/* Begin PBXGroup section */
		008A126D26E9F3270090AE1E = {
			isa = PBXGroup;
			children = (
				008A127826E9F3270090AE1E /* RandomValueFromRange */,
				008A127726E9F3270090AE1E /* Products */,
			);
			sourceTree = "<group>";
		};
		008A127726E9F3270090AE1E /* Products */ = {
			isa = PBXGroup;
			children = (
				008A127626E9F3270090AE1E /* RandomValueFromRange.app */,
			);
			name = Products;
			sourceTree = "<group>";
		};
		008A127826E9F3270090AE1E /* RandomValueFromRange */ = {
			isa = PBXGroup;
			children = (
				008A128D26E9F35D0090AE1E /* ViewControllers */,
				008A129126E9F4020090AE1E /* Models */,
				008A128E26E9F3970090AE1E /* Storyboards */,
				008A128F26E9F3B10090AE1E /* SupportingFiles */,
				008A129026E9F3C40090AE1E /* Resources */,
			);
			path = RandomValueFromRange;
			sourceTree = "<group>";
		};
		008A128D26E9F35D0090AE1E /* ViewControllers */ = {
			isa = PBXGroup;
			children = (
				008A127D26E9F3270090AE1E /* MainViewController.swift */,
			);
			path = ViewControllers;
			sourceTree = "<group>";
		};
		008A128E26E9F3970090AE1E /* Storyboards */ = {
			isa = PBXGroup;
			children = (
				008A127F26E9F3270090AE1E /* Main.storyboard */,
				008A128426E9F32C0090AE1E /* LaunchScreen.storyboard */,
			);
			path = Storyboards;
			sourceTree = "<group>";
		};
		008A128F26E9F3B10090AE1E /* SupportingFiles */ = {
			isa = PBXGroup;
			children = (
				008A127926E9F3270090AE1E /* AppDelegate.swift */,
				008A127B26E9F3270090AE1E /* SceneDelegate.swift */,
				008A128726E9F32C0090AE1E /* Info.plist */,
			);
			path = SupportingFiles;
			sourceTree = "<group>";
		};
		008A129026E9F3C40090AE1E /* Resources */ = {
			isa = PBXGroup;
			children = (
				008A128226E9F32C0090AE1E /* Assets.xcassets */,
			);
			path = Resources;
			sourceTree = "<group>";
		};
		008A129126E9F4020090AE1E /* Models */ = {
			isa = PBXGroup;
			children = (
				008A129226E9F4990090AE1E /* RangeValuesMinMax.swift */,
			);
			path = Models;
			sourceTree = "<group>";
		};
/* End PBXGroup section */

/* Begin PBXNativeTarget section */
		008A127526E9F3270090AE1E /* RandomValueFromRange */ = {
			isa = PBXNativeTarget;
			buildConfigurationList = 008A128A26E9F32C0090AE1E /* Build configuration list for PBXNativeTarget "RandomValueFromRange" */;
			buildPhases = (
				008A127226E9F3270090AE1E /* Sources */,
				008A127326E9F3270090AE1E /* Frameworks */,
				008A127426E9F3270090AE1E /* Resources */,
			);
			buildRules = (
			);
			dependencies = (
			);
			name = RandomValueFromRange;
			productName = RandomValueFromRange;
			productReference = 008A127626E9F3270090AE1E /* RandomValueFromRange.app */;
			productType = "com.apple.product-type.application";
		};
/* End PBXNativeTarget section */

/* Begin PBXProject section */
		008A126E26E9F3270090AE1E /* Project object */ = {
			isa = PBXProject;
			attributes = {
				LastSwiftUpdateCheck = 1250;
				LastUpgradeCheck = 1250;
				TargetAttributes = {
					008A127526E9F3270090AE1E = {
						CreatedOnToolsVersion = 12.5;
					};
				};
			};
			buildConfigurationList = 008A127126E9F3270090AE1E /* Build configuration list for PBXProject "RandomValueFromRange" */;
			compatibilityVersion = "Xcode 9.3";
			developmentRegion = en;
			hasScannedForEncodings = 0;
			knownRegions = (
				en,
				Base,
			);
			mainGroup = 008A126D26E9F3270090AE1E;
			productRefGroup = 008A127726E9F3270090AE1E /* Products */;
			projectDirPath = "";
			projectRoot = "";
			targets = (
				008A127526E9F3270090AE1E /* RandomValueFromRange */,
			);
		};
/* End PBXProject section */

/* Begin PBXResourcesBuildPhase section */
		008A127426E9F3270090AE1E /* Resources */ = {
			isa = PBXResourcesBuildPhase;
			buildActionMask = 2147483647;
			files = (
				008A128626E9F32C0090AE1E /* LaunchScreen.storyboard in Resources */,
				008A128326E9F32C0090AE1E /* Assets.xcassets in Resources */,
				008A128126E9F3270090AE1E /* Main.storyboard in Resources */,
			);
			runOnlyForDeploymentPostprocessing = 0;
		};
/* End PBXResourcesBuildPhase section */

/* Begin PBXSourcesBuildPhase section */
		008A127226E9F3270090AE1E /* Sources */ = {
			isa = PBXSourcesBuildPhase;
			buildActionMask = 2147483647;
			files = (
				008A127E26E9F3270090AE1E /* MainViewController.swift in Sources */,
				008A129326E9F4990090AE1E /* RangeValuesMinMax.swift in Sources */,
				008A127A26E9F3270090AE1E /* AppDelegate.swift in Sources */,
				008A127C26E9F3270090AE1E /* SceneDelegate.swift in Sources */,
			);
			runOnlyForDeploymentPostprocessing = 0;
		};
/* End PBXSourcesBuildPhase section */

/* Begin PBXVariantGroup section */
		008A127F26E9F3270090AE1E /* Main.storyboard */ = {
			isa = PBXVariantGroup;
			children = (
				008A128026E9F3270090AE1E /* Base */,
			);
			name = Main.storyboard;
			sourceTree = "<group>";
		};
		008A128426E9F32C0090AE1E /* LaunchScreen.storyboard */ = {
			isa = PBXVariantGroup;
			children = (
				008A128526E9F32C0090AE1E /* Base */,
			);
			name = LaunchScreen.storyboard;
			sourceTree = "<group>";
		};
/* End PBXVariantGroup section */

/* Begin XCBuildConfiguration section */
		008A128826E9F32C0090AE1E /* Debug */ = {
			isa = XCBuildConfiguration;
			buildSettings = {
				ALWAYS_SEARCH_USER_PATHS = NO;
				CLANG_ANALYZER_NONNULL = YES;
				CLANG_ANALYZER_NUMBER_OBJECT_CONVERSION = YES_AGGRESSIVE;
				CLANG_CXX_LANGUAGE_STANDARD = "gnu++14";
				CLANG_CXX_LIBRARY = "libc++";
				CLANG_ENABLE_MODULES = YES;
				CLANG_ENABLE_OBJC_ARC = YES;
				CLANG_ENABLE_OBJC_WEAK = YES;
				CLANG_WARN_BLOCK_CAPTURE_AUTORELEASING = YES;
				CLANG_WARN_BOOL_CONVERSION = YES;
				CLANG_WARN_COMMA = YES;
				CLANG_WARN_CONSTANT_CONVERSION = YES;
				CLANG_WARN_DEPRECATED_OBJC_IMPLEMENTATIONS = YES;
				CLANG_WARN_DIRECT_OBJC_ISA_USAGE = YES_ERROR;
				CLANG_WARN_DOCUMENTATION_COMMENTS = YES;
				CLANG_WARN_EMPTY_BODY = YES;
				CLANG_WARN_ENUM_CONVERSION = YES;
				CLANG_WARN_INFINITE_RECURSION = YES;
				CLANG_WARN_INT_CONVERSION = YES;
				CLANG_WARN_NON_LITERAL_NULL_CONVERSION = YES;
				CLANG_WARN_OBJC_IMPLICIT_RETAIN_SELF = YES;
				CLANG_WARN_OBJC_LITERAL_CONVERSION = YES;
				CLANG_WARN_OBJC_ROOT_CLASS = YES_ERROR;
				CLANG_WARN_QUOTED_INCLUDE_IN_FRAMEWORK_HEADER = YES;
				CLANG_WARN_RANGE_LOOP_ANALYSIS = YES;
				CLANG_WARN_STRICT_PROTOTYPES = YES;
				CLANG_WARN_SUSPICIOUS_MOVE = YES;
				CLANG_WARN_UNGUARDED_AVAILABILITY = YES_AGGRESSIVE;
				CLANG_WARN_UNREACHABLE_CODE = YES;
				CLANG_WARN__DUPLICATE_METHOD_MATCH = YES;
				COPY_PHASE_STRIP = NO;
				DEBUG_INFORMATION_FORMAT = dwarf;
				ENABLE_STRICT_OBJC_MSGSEND = YES;
				ENABLE_TESTABILITY = YES;
				GCC_C_LANGUAGE_STANDARD = gnu11;
				GCC_DYNAMIC_NO_PIC = NO;
				GCC_NO_COMMON_BLOCKS = YES;
				GCC_OPTIMIZATION_LEVEL = 0;
				GCC_PREPROCESSOR_DEFINITIONS = (
					"DEBUG=1",
					"$(inherited)",
				);
				GCC_WARN_64_TO_32_BIT_CONVERSION = YES;
				GCC_WARN_ABOUT_RETURN_TYPE = YES_ERROR;
				GCC_WARN_UNDECLARED_SELECTOR = YES;
				GCC_WARN_UNINITIALIZED_AUTOS = YES_AGGRESSIVE;
				GCC_WARN_UNUSED_FUNCTION = YES;
				GCC_WARN_UNUSED_VARIABLE = YES;
				IPHONEOS_DEPLOYMENT_TARGET = 14.5;
				MTL_ENABLE_DEBUG_INFO = INCLUDE_SOURCE;
				MTL_FAST_MATH = YES;
				ONLY_ACTIVE_ARCH = YES;
				SDKROOT = iphoneos;
				SWIFT_ACTIVE_COMPILATION_CONDITIONS = DEBUG;
				SWIFT_OPTIMIZATION_LEVEL = "-Onone";
			};
			name = Debug;
		};
		008A128926E9F32C0090AE1E /* Release */ = {
			isa = XCBuildConfiguration;
			buildSettings = {
				ALWAYS_SEARCH_USER_PATHS = NO;
				CLANG_ANALYZER_NONNULL = YES;
				CLANG_ANALYZER_NUMBER_OBJECT_CONVERSION = YES_AGGRESSIVE;
				CLANG_CXX_LANGUAGE_STANDARD = "gnu++14";
				CLANG_CXX_LIBRARY = "libc++";
				CLANG_ENABLE_MODULES = YES;
				CLANG_ENABLE_OBJC_ARC = YES;
				CLANG_ENABLE_OBJC_WEAK = YES;
				CLANG_WARN_BLOCK_CAPTURE_AUTORELEASING = YES;
				CLANG_WARN_BOOL_CONVERSION = YES;
				CLANG_WARN_COMMA = YES;
				CLANG_WARN_CONSTANT_CONVERSION = YES;
				CLANG_WARN_DEPRECATED_OBJC_IMPLEMENTATIONS = YES;
				CLANG_WARN_DIRECT_OBJC_ISA_USAGE = YES_ERROR;
				CLANG_WARN_DOCUMENTATION_COMMENTS = YES;
				CLANG_WARN_EMPTY_BODY = YES;
				CLANG_WARN_ENUM_CONVERSION = YES;
				CLANG_WARN_INFINITE_RECURSION = YES;
				CLANG_WARN_INT_CONVERSION = YES;
				CLANG_WARN_NON_LITERAL_NULL_CONVERSION = YES;
				CLANG_WARN_OBJC_IMPLICIT_RETAIN_SELF = YES;
				CLANG_WARN_OBJC_LITERAL_CONVERSION = YES;
				CLANG_WARN_OBJC_ROOT_CLASS = YES_ERROR;
				CLANG_WARN_QUOTED_INCLUDE_IN_FRAMEWORK_HEADER = YES;
				CLANG_WARN_RANGE_LOOP_ANALYSIS = YES;
				CLANG_WARN_STRICT_PROTOTYPES = YES;
				CLANG_WARN_SUSPICIOUS_MOVE = YES;
				CLANG_WARN_UNGUARDED_AVAILABILITY = YES_AGGRESSIVE;
				CLANG_WARN_UNREACHABLE_CODE = YES;
				CLANG_WARN__DUPLICATE_METHOD_MATCH = YES;
				COPY_PHASE_STRIP = NO;
				DEBUG_INFORMATION_FORMAT = "dwarf-with-dsym";
				ENABLE_NS_ASSERTIONS = NO;
				ENABLE_STRICT_OBJC_MSGSEND = YES;
				GCC_C_LANGUAGE_STANDARD = gnu11;
				GCC_NO_COMMON_BLOCKS = YES;
				GCC_WARN_64_TO_32_BIT_CONVERSION = YES;
				GCC_WARN_ABOUT_RETURN_TYPE = YES_ERROR;
				GCC_WARN_UNDECLARED_SELECTOR = YES;
				GCC_WARN_UNINITIALIZED_AUTOS = YES_AGGRESSIVE;
				GCC_WARN_UNUSED_FUNCTION = YES;
				GCC_WARN_UNUSED_VARIABLE = YES;
				IPHONEOS_DEPLOYMENT_TARGET = 14.5;
				MTL_ENABLE_DEBUG_INFO = NO;
				MTL_FAST_MATH = YES;
				SDKROOT = iphoneos;
				SWIFT_COMPILATION_MODE = wholemodule;
				SWIFT_OPTIMIZATION_LEVEL = "-O";
				VALIDATE_PRODUCT = YES;
			};
			name = Release;
		};
		008A128B26E9F32C0090AE1E /* Debug */ = {
			isa = XCBuildConfiguration;
			buildSettings = {
				ASSETCATALOG_COMPILER_APPICON_NAME = AppIcon;
				ASSETCATALOG_COMPILER_GLOBAL_ACCENT_COLOR_NAME = AccentColor;
				CODE_SIGN_STYLE = Automatic;
				DEVELOPMENT_TEAM = A426P5VA2L;
				INFOPLIST_FILE = RandomValueFromRange/SupportingFiles/Info.plist;
				IPHONEOS_DEPLOYMENT_TARGET = 13.2;
				LD_RUNPATH_SEARCH_PATHS = (
					"$(inherited)",
					"@executable_path/Frameworks",
				);
				PRODUCT_BUNDLE_IDENTIFIER = MaxKucherIosSwift.RandomValueFromRange;
				PRODUCT_NAME = "$(TARGET_NAME)";
				SWIFT_VERSION = 5.0;
				TARGETED_DEVICE_FAMILY = 1;
			};
			name = Debug;
		};
		008A128C26E9F32C0090AE1E /* Release */ = {
			isa = XCBuildConfiguration;
			buildSettings = {
				ASSETCATALOG_COMPILER_APPICON_NAME = AppIcon;
				ASSETCATALOG_COMPILER_GLOBAL_ACCENT_COLOR_NAME = AccentColor;
				CODE_SIGN_STYLE = Automatic;
				DEVELOPMENT_TEAM = A426P5VA2L;
				INFOPLIST_FILE = RandomValueFromRange/SupportingFiles/Info.plist;
				IPHONEOS_DEPLOYMENT_TARGET = 13.2;
				LD_RUNPATH_SEARCH_PATHS = (
					"$(inherited)",
					"@executable_path/Frameworks",
				);
				PRODUCT_BUNDLE_IDENTIFIER = MaxKucherIosSwift.RandomValueFromRange;
				PRODUCT_NAME = "$(TARGET_NAME)";
				SWIFT_VERSION = 5.0;
				TARGETED_DEVICE_FAMILY = 1;
			};
			name = Release;
		};
/* End XCBuildConfiguration section */

/* Begin XCConfigurationList section */
		008A127126E9F3270090AE1E /* Build configuration list for PBXProject "RandomValueFromRange" */ = {
			isa = XCConfigurationList;
			buildConfigurations = (
				008A128826E9F32C0090AE1E /* Debug */,
				008A128926E9F32C0090AE1E /* Release */,
			);
			defaultConfigurationIsVisible = 0;
			defaultConfigurationName = Release;
		};
		008A128A26E9F32C0090AE1E /* Build configuration list for PBXNativeTarget "RandomValueFromRange" */ = {
			isa = XCConfigurationList;
			buildConfigurations = (
				008A128B26E9F32C0090AE1E /* Debug */,
				008A128C26E9F32C0090AE1E /* Release */,
			);
			defaultConfigurationIsVisible = 0;
			defaultConfigurationName = Release;
		};
/* End XCConfigurationList section */
	};
	rootObject = 008A126E26E9F3270090AE1E /* Project object */;
}
